
Microsoft Visual Studio Solution File, Format Version 12.00
# Visual Studio Version 17
VisualStudioVersion = 17.4.33103.184
MinimumVisualStudioVersion = 10.0.40219.1
Project("{2150E333-8FDC-42A3-9474-1A3956D46DE8}") = "src", "src", "{BDB30305-B318-4AF0-BD41-72670436F758}"
EndProject
Project("{2150E333-8FDC-42A3-9474-1A3956D46DE8}") = "test", "test", "{7EF50B5A-CB10-4CE4-9F43-07749FC87FF1}"
EndProject
Project("{2150E333-8FDC-42A3-9474-1A3956D46DE8}") = "UI", "UI", "{B8D8C828-F7FE-4D52-BA20-1AD6B774F0D7}"
EndProject
Project("{2150E333-8FDC-42A3-9474-1A3956D46DE8}") = "Core", "Core", "{8EC6F7E0-C014-48C2-B3B4-BA736CE14EEF}"
EndProject
Project("{2150E333-8FDC-42A3-9474-1A3956D46DE8}") = "Infrastructure", "Infrastructure", "{597394AA-690B-4BCD-A7B4-A1E80BB294D5}"
EndProject
Project("{2150E333-8FDC-42A3-9474-1A3956D46DE8}") = "API", "API", "{839414E5-A000-4BFD-8F0A-BF40665B818B}"
EndProject
Project("{9A19103F-16F7-4668-BE54-9A1E7A4F7556}") = "HR.LeaveManagement.Domain", "HR.LeaveManagement.Domain\HR.LeaveManagement.Domain.csproj", "{C34B61E0-957D-49AD-A475-80507C6CD545}"
EndProject
Project("{9A19103F-16F7-4668-BE54-9A1E7A4F7556}") = "HR.LeaveManagement.Application", "HR.LeaveManagement.Application\HR.LeaveManagement.Application.csproj", "{49C73B3A-AD50-41FA-A82D-ABD7390972EC}"
EndProject
Project("{9A19103F-16F7-4668-BE54-9A1E7A4F7556}") = "HR.LeaveManagement.Persistence", "HR.LeaveManagement.Persistence\HR.LeaveManagement.Persistence.csproj", "{7E1F61C0-D32F-4DD6-B503-A330E6953183}"
EndProject
Project("{9A19103F-16F7-4668-BE54-9A1E7A4F7556}") = "HRLeaveManagement.Infrastructure", "HRLeaveManagement.Infrastructure\HRLeaveManagement.Infrastructure.csproj", "{489C67E0-FCD1-4A81-9670-22BA58EE5174}"
EndProject
Project("{9A19103F-16F7-4668-BE54-9A1E7A4F7556}") = "HR.LeaveManagament.Api", "HR.LeaveManagament.Api\HR.LeaveManagament.Api.csproj", "{F806731A-0001-4791-BFCB-838051A590D3}"
EndProject
Project("{9A19103F-16F7-4668-BE54-9A1E7A4F7556}") = "HR.LeaveManagement.Application.UnitTests", "HR.LeaveManagement.Application.UnitTests\HR.LeaveManagement.Application.UnitTests.csproj", "{A9A6AE41-0E9F-49E5-9A17-1B683CACA58B}"
EndProject
Project("{9A19103F-16F7-4668-BE54-9A1E7A4F7556}") = "HR.LeaveManagement.Persistence.IntegrationTests", "HR.LeaveManagement.Persistence.IntegrationTests\HR.LeaveManagement.Persistence.IntegrationTests.csproj", "{4E753043-D00D-4F1E-8F73-B85B9A555F4C}"
EndProject
Project("{9A19103F-16F7-4668-BE54-9A1E7A4F7556}") = "HR.LeaveManagement.BlazorUI", "HR.LeaveManagement.BlazorUI\HR.LeaveManagement.BlazorUI.csproj", "{6F5F51AB-BD9C-4C9D-8F4E-054A23CCC69D}"
EndProject
Project("{9A19103F-16F7-4668-BE54-9A1E7A4F7556}") = "HR.LeaveManagement.Identity", "HR.LeaveManagement.Identity\HR.LeaveManagement.Identity.csproj", "{EEE2A028-AC46-4EB6-8A87-2253516BB7C2}"
EndProject
Global
	GlobalSection(SolutionConfigurationPlatforms) = preSolution
		Debug|Any CPU = Debug|Any CPU
		Release|Any CPU = Release|Any CPU
	EndGlobalSection
	GlobalSection(ProjectConfigurationPlatforms) = postSolution
		{C34B61E0-957D-49AD-A475-80507C6CD545}.Debug|Any CPU.ActiveCfg = Debug|Any CPU
		{C34B61E0-957D-49AD-A475-80507C6CD545}.Debug|Any CPU.Build.0 = Debug|Any CPU
		{C34B61E0-957D-49AD-A475-80507C6CD545}.Release|Any CPU.ActiveCfg = Release|Any CPU
		{C34B61E0-957D-49AD-A475-80507C6CD545}.Release|Any CPU.Build.0 = Release|Any CPU
		{49C73B3A-AD50-41FA-A82D-ABD7390972EC}.Debug|Any CPU.ActiveCfg = Debug|Any CPU
		{49C73B3A-AD50-41FA-A82D-ABD7390972EC}.Debug|Any CPU.Build.0 = Debug|Any CPU
		{49C73B3A-AD50-41FA-A82D-ABD7390972EC}.Release|Any CPU.ActiveCfg = Release|Any CPU
		{49C73B3A-AD50-41FA-A82D-ABD7390972EC}.Release|Any CPU.Build.0 = Release|Any CPU
		{7E1F61C0-D32F-4DD6-B503-A330E6953183}.Debug|Any CPU.ActiveCfg = Debug|Any CPU
		{7E1F61C0-D32F-4DD6-B503-A330E6953183}.Debug|Any CPU.Build.0 = Debug|Any CPU
		{7E1F61C0-D32F-4DD6-B503-A330E6953183}.Release|Any CPU.ActiveCfg = Release|Any CPU
		{7E1F61C0-D32F-4DD6-B503-A330E6953183}.Release|Any CPU.Build.0 = Release|Any CPU
		{489C67E0-FCD1-4A81-9670-22BA58EE5174}.Debug|Any CPU.ActiveCfg = Debug|Any CPU
		{489C67E0-FCD1-4A81-9670-22BA58EE5174}.Debug|Any CPU.Build.0 = Debug|Any CPU
		{489C67E0-FCD1-4A81-9670-22BA58EE5174}.Release|Any CPU.ActiveCfg = Release|Any CPU
		{489C67E0-FCD1-4A81-9670-22BA58EE5174}.Release|Any CPU.Build.0 = Release|Any CPU
		{F806731A-0001-4791-BFCB-838051A590D3}.Debug|Any CPU.ActiveCfg = Debug|Any CPU
		{F806731A-0001-4791-BFCB-838051A590D3}.Debug|Any CPU.Build.0 = Debug|Any CPU
		{F806731A-0001-4791-BFCB-838051A590D3}.Release|Any CPU.ActiveCfg = Release|Any CPU
		{F806731A-0001-4791-BFCB-838051A590D3}.Release|Any CPU.Build.0 = Release|Any CPU
		{A9A6AE41-0E9F-49E5-9A17-1B683CACA58B}.Debug|Any CPU.ActiveCfg = Debug|Any CPU
		{A9A6AE41-0E9F-49E5-9A17-1B683CACA58B}.Debug|Any CPU.Build.0 = Debug|Any CPU
		{A9A6AE41-0E9F-49E5-9A17-1B683CACA58B}.Release|Any CPU.ActiveCfg = Release|Any CPU
		{A9A6AE41-0E9F-49E5-9A17-1B683CACA58B}.Release|Any CPU.Build.0 = Release|Any CPU
		{4E753043-D00D-4F1E-8F73-B85B9A555F4C}.Debug|Any CPU.ActiveCfg = Debug|Any CPU
		{4E753043-D00D-4F1E-8F73-B85B9A555F4C}.Debug|Any CPU.Build.0 = Debug|Any CPU
		{4E753043-D00D-4F1E-8F73-B85B9A555F4C}.Release|Any CPU.ActiveCfg = Release|Any CPU
		{4E753043-D00D-4F1E-8F73-B85B9A555F4C}.Release|Any CPU.Build.0 = Release|Any CPU
		{6F5F51AB-BD9C-4C9D-8F4E-054A23CCC69D}.Debug|Any CPU.ActiveCfg = Debug|Any CPU
		{6F5F51AB-BD9C-4C9D-8F4E-054A23CCC69D}.Debug|Any CPU.Build.0 = Debug|Any CPU
		{6F5F51AB-BD9C-4C9D-8F4E-054A23CCC69D}.Release|Any CPU.ActiveCfg = Release|Any CPU
		{6F5F51AB-BD9C-4C9D-8F4E-054A23CCC69D}.Release|Any CPU.Build.0 = Release|Any CPU
		{EEE2A028-AC46-4EB6-8A87-2253516BB7C2}.Debug|Any CPU.ActiveCfg = Debug|Any CPU
		{EEE2A028-AC46-4EB6-8A87-2253516BB7C2}.Debug|Any CPU.Build.0 = Debug|Any CPU
		{EEE2A028-AC46-4EB6-8A87-2253516BB7C2}.Release|Any CPU.ActiveCfg = Release|Any CPU
		{EEE2A028-AC46-4EB6-8A87-2253516BB7C2}.Release|Any CPU.Build.0 = Release|Any CPU
	EndGlobalSection
	GlobalSection(SolutionProperties) = preSolution
		HideSolutionNode = FALSE
	EndGlobalSection
	GlobalSection(NestedProjects) = preSolution
		{B8D8C828-F7FE-4D52-BA20-1AD6B774F0D7} = {BDB30305-B318-4AF0-BD41-72670436F758}
		{8EC6F7E0-C014-48C2-B3B4-BA736CE14EEF} = {BDB30305-B318-4AF0-BD41-72670436F758}
		{597394AA-690B-4BCD-A7B4-A1E80BB294D5} = {BDB30305-B318-4AF0-BD41-72670436F758}
		{839414E5-A000-4BFD-8F0A-BF40665B818B} = {BDB30305-B318-4AF0-BD41-72670436F758}
		{C34B61E0-957D-49AD-A475-80507C6CD545} = {8EC6F7E0-C014-48C2-B3B4-BA736CE14EEF}
		{49C73B3A-AD50-41FA-A82D-ABD7390972EC} = {8EC6F7E0-C014-48C2-B3B4-BA736CE14EEF}
		{7E1F61C0-D32F-4DD6-B503-A330E6953183} = {597394AA-690B-4BCD-A7B4-A1E80BB294D5}
		{489C67E0-FCD1-4A81-9670-22BA58EE5174} = {597394AA-690B-4BCD-A7B4-A1E80BB294D5}
		{F806731A-0001-4791-BFCB-838051A590D3} = {839414E5-A000-4BFD-8F0A-BF40665B818B}
		{A9A6AE41-0E9F-49E5-9A17-1B683CACA58B} = {7EF50B5A-CB10-4CE4-9F43-07749FC87FF1}
		{4E753043-D00D-4F1E-8F73-B85B9A555F4C} = {7EF50B5A-CB10-4CE4-9F43-07749FC87FF1}
		{6F5F51AB-BD9C-4C9D-8F4E-054A23CCC69D} = {B8D8C828-F7FE-4D52-BA20-1AD6B774F0D7}
		{EEE2A028-AC46-4EB6-8A87-2253516BB7C2} = {597394AA-690B-4BCD-A7B4-A1E80BB294D5}
	EndGlobalSection
	GlobalSection(ExtensibilityGlobals) = postSolution
		SolutionGuid = {40BC8CCD-A8AB-4523-8160-E9C6A819BC31}
	EndGlobalSection
EndGlobal
